
Microsoft Visual Studio Solution File, Format Version 12.00
Project("{FAE04EC0-301F-11D3-BF4B-00C04F79EFBC}") = "T1", "T1\T1.csproj", "{A73682BF-BD10-4572-AB31-BA7126273525}"
EndProject
Project("{FAE04EC0-301F-11D3-BF4B-00C04F79EFBC}") = "T2", "T2\T2.csproj", "{53A95A6E-C812-4FD8-ACAC-99F0352E59BF}"
EndProject
Project("{FAE04EC0-301F-11D3-BF4B-00C04F79EFBC}") = "T3", "T3\T3.csproj", "{11752A36-4AD3-450D-AD17-38C566089743}"
EndProject
Project("{FAE04EC0-301F-11D3-BF4B-00C04F79EFBC}") = "T4", "T4\T4.csproj", "{55FDCE7F-3CA5-4707-9878-F620D0206E4B}"
EndProject
Project("{FAE04EC0-301F-11D3-BF4B-00C04F79EFBC}") = "T5", "T5\T5.csproj", "{DF61C4E3-4514-4D01-A1B4-E3B1441A1E78}"
EndProject
Project("{FAE04EC0-301F-11D3-BF4B-00C04F79EFBC}") = "T6", "T6\T6.csproj", "{CB6F90B3-E7B3-4BEA-A1D6-298E81D601E9}"
EndProject
Project("{FAE04EC0-301F-11D3-BF4B-00C04F79EFBC}") = "T7", "T7\T7.csproj", "{09B9F2B6-17CA-4190-9CC6-01AEEF10B032}"
EndProject
Project("{FAE04EC0-301F-11D3-BF4B-00C04F79EFBC}") = "T8", "T8\T8.csproj", "{4265758C-F75F-4F79-88A7-1D32D3BD2575}"
EndProject
Project("{FAE04EC0-301F-11D3-BF4B-00C04F79EFBC}") = "T9", "T9\T9.csproj", "{B038AA40-6295-4570-8BB1-C196B3FFA175}"
EndProject
Project("{FAE04EC0-301F-11D3-BF4B-00C04F79EFBC}") = "T10", "T10\T10.csproj", "{7206C5BA-FA93-4532-B1A2-138A6868F94E}"
EndProject
Global
	GlobalSection(SolutionConfigurationPlatforms) = preSolution
		Debug|Any CPU = Debug|Any CPU
		Release|Any CPU = Release|Any CPU
	EndGlobalSection
	GlobalSection(ProjectConfigurationPlatforms) = postSolution
		{A73682BF-BD10-4572-AB31-BA7126273525}.Debug|Any CPU.ActiveCfg = Debug|Any CPU
		{A73682BF-BD10-4572-AB31-BA7126273525}.Debug|Any CPU.Build.0 = Debug|Any CPU
		{A73682BF-BD10-4572-AB31-BA7126273525}.Release|Any CPU.ActiveCfg = Release|Any CPU
		{A73682BF-BD10-4572-AB31-BA7126273525}.Release|Any CPU.Build.0 = Release|Any CPU
		{53A95A6E-C812-4FD8-ACAC-99F0352E59BF}.Debug|Any CPU.ActiveCfg = Debug|Any CPU
		{53A95A6E-C812-4FD8-ACAC-99F0352E59BF}.Debug|Any CPU.Build.0 = Debug|Any CPU
		{53A95A6E-C812-4FD8-ACAC-99F0352E59BF}.Release|Any CPU.ActiveCfg = Release|Any CPU
		{53A95A6E-C812-4FD8-ACAC-99F0352E59BF}.Release|Any CPU.Build.0 = Release|Any CPU
		{11752A36-4AD3-450D-AD17-38C566089743}.Debug|Any CPU.ActiveCfg = Debug|Any CPU
		{11752A36-4AD3-450D-AD17-38C566089743}.Debug|Any CPU.Build.0 = Debug|Any CPU
		{11752A36-4AD3-450D-AD17-38C566089743}.Release|Any CPU.ActiveCfg = Release|Any CPU
		{11752A36-4AD3-450D-AD17-38C566089743}.Release|Any CPU.Build.0 = Release|Any CPU
		{55FDCE7F-3CA5-4707-9878-F620D0206E4B}.Debug|Any CPU.ActiveCfg = Debug|Any CPU
		{55FDCE7F-3CA5-4707-9878-F620D0206E4B}.Debug|Any CPU.Build.0 = Debug|Any CPU
		{55FDCE7F-3CA5-4707-9878-F620D0206E4B}.Release|Any CPU.ActiveCfg = Release|Any CPU
		{55FDCE7F-3CA5-4707-9878-F620D0206E4B}.Release|Any CPU.Build.0 = Release|Any CPU
		{DF61C4E3-4514-4D01-A1B4-E3B1441A1E78}.Debug|Any CPU.ActiveCfg = Debug|Any CPU
		{DF61C4E3-4514-4D01-A1B4-E3B1441A1E78}.Debug|Any CPU.Build.0 = Debug|Any CPU
		{DF61C4E3-4514-4D01-A1B4-E3B1441A1E78}.Release|Any CPU.ActiveCfg = Release|Any CPU
		{DF61C4E3-4514-4D01-A1B4-E3B1441A1E78}.Release|Any CPU.Build.0 = Release|Any CPU
		{CB6F90B3-E7B3-4BEA-A1D6-298E81D601E9}.Debug|Any CPU.ActiveCfg = Debug|Any CPU
		{CB6F90B3-E7B3-4BEA-A1D6-298E81D601E9}.Debug|Any CPU.Build.0 = Debug|Any CPU
		{CB6F90B3-E7B3-4BEA-A1D6-298E81D601E9}.Release|Any CPU.ActiveCfg = Release|Any CPU
		{CB6F90B3-E7B3-4BEA-A1D6-298E81D601E9}.Release|Any CPU.Build.0 = Release|Any CPU
		{09B9F2B6-17CA-4190-9CC6-01AEEF10B032}.Debug|Any CPU.ActiveCfg = Debug|Any CPU
		{09B9F2B6-17CA-4190-9CC6-01AEEF10B032}.Debug|Any CPU.Build.0 = Debug|Any CPU
		{09B9F2B6-17CA-4190-9CC6-01AEEF10B032}.Release|Any CPU.ActiveCfg = Release|Any CPU
		{09B9F2B6-17CA-4190-9CC6-01AEEF10B032}.Release|Any CPU.Build.0 = Release|Any CPU
		{4265758C-F75F-4F79-88A7-1D32D3BD2575}.Debug|Any CPU.ActiveCfg = Debug|Any CPU
		{4265758C-F75F-4F79-88A7-1D32D3BD2575}.Debug|Any CPU.Build.0 = Debug|Any CPU
		{4265758C-F75F-4F79-88A7-1D32D3BD2575}.Release|Any CPU.ActiveCfg = Release|Any CPU
		{4265758C-F75F-4F79-88A7-1D32D3BD2575}.Release|Any CPU.Build.0 = Release|Any CPU
		{B038AA40-6295-4570-8BB1-C196B3FFA175}.Debug|Any CPU.ActiveCfg = Debug|Any CPU
		{B038AA40-6295-4570-8BB1-C196B3FFA175}.Debug|Any CPU.Build.0 = Debug|Any CPU
		{B038AA40-6295-4570-8BB1-C196B3FFA175}.Release|Any CPU.ActiveCfg = Release|Any CPU
		{B038AA40-6295-4570-8BB1-C196B3FFA175}.Release|Any CPU.Build.0 = Release|Any CPU
		{7206C5BA-FA93-4532-B1A2-138A6868F94E}.Debug|Any CPU.ActiveCfg = Debug|Any CPU
		{7206C5BA-FA93-4532-B1A2-138A6868F94E}.Debug|Any CPU.Build.0 = Debug|Any CPU
		{7206C5BA-FA93-4532-B1A2-138A6868F94E}.Release|Any CPU.ActiveCfg = Release|Any CPU
		{7206C5BA-FA93-4532-B1A2-138A6868F94E}.Release|Any CPU.Build.0 = Release|Any CPU
	EndGlobalSection
EndGlobal
