
Microsoft Visual Studio Solution File, Format Version 12.00
Project("{FAE04EC0-301F-11D3-BF4B-00C04F79EFBC}") = "T1", "T1\T1.csproj", "{A04CCB22-0526-42C9-98E1-D7FC3CBEDBE7}"
EndProject
Project("{FAE04EC0-301F-11D3-BF4B-00C04F79EFBC}") = "T2", "T2\T2.csproj", "{8B9E1B8B-96A2-4C92-ABA0-76DE73448F4C}"
EndProject
Project("{FAE04EC0-301F-11D3-BF4B-00C04F79EFBC}") = "T3", "T3\T3.csproj", "{82BEF0C1-2BE5-4D58-9108-066AD25D1577}"
EndProject
Project("{FAE04EC0-301F-11D3-BF4B-00C04F79EFBC}") = "T4", "T4\T4.csproj", "{4C15D016-106C-4BAD-A60F-2C1B02ABF6AD}"
EndProject
Global
	GlobalSection(SolutionConfigurationPlatforms) = preSolution
		Debug|Any CPU = Debug|Any CPU
		Release|Any CPU = Release|Any CPU
	EndGlobalSection
	GlobalSection(ProjectConfigurationPlatforms) = postSolution
		{A04CCB22-0526-42C9-98E1-D7FC3CBEDBE7}.Debug|Any CPU.ActiveCfg = Debug|Any CPU
		{A04CCB22-0526-42C9-98E1-D7FC3CBEDBE7}.Debug|Any CPU.Build.0 = Debug|Any CPU
		{A04CCB22-0526-42C9-98E1-D7FC3CBEDBE7}.Release|Any CPU.ActiveCfg = Release|Any CPU
		{A04CCB22-0526-42C9-98E1-D7FC3CBEDBE7}.Release|Any CPU.Build.0 = Release|Any CPU
		{8B9E1B8B-96A2-4C92-ABA0-76DE73448F4C}.Debug|Any CPU.ActiveCfg = Debug|Any CPU
		{8B9E1B8B-96A2-4C92-ABA0-76DE73448F4C}.Debug|Any CPU.Build.0 = Debug|Any CPU
		{8B9E1B8B-96A2-4C92-ABA0-76DE73448F4C}.Release|Any CPU.ActiveCfg = Release|Any CPU
		{8B9E1B8B-96A2-4C92-ABA0-76DE73448F4C}.Release|Any CPU.Build.0 = Release|Any CPU
		{82BEF0C1-2BE5-4D58-9108-066AD25D1577}.Debug|Any CPU.ActiveCfg = Debug|Any CPU
		{82BEF0C1-2BE5-4D58-9108-066AD25D1577}.Debug|Any CPU.Build.0 = Debug|Any CPU
		{82BEF0C1-2BE5-4D58-9108-066AD25D1577}.Release|Any CPU.ActiveCfg = Release|Any CPU
		{82BEF0C1-2BE5-4D58-9108-066AD25D1577}.Release|Any CPU.Build.0 = Release|Any CPU
		{4C15D016-106C-4BAD-A60F-2C1B02ABF6AD}.Debug|Any CPU.ActiveCfg = Debug|Any CPU
		{4C15D016-106C-4BAD-A60F-2C1B02ABF6AD}.Debug|Any CPU.Build.0 = Debug|Any CPU
		{4C15D016-106C-4BAD-A60F-2C1B02ABF6AD}.Release|Any CPU.ActiveCfg = Release|Any CPU
		{4C15D016-106C-4BAD-A60F-2C1B02ABF6AD}.Release|Any CPU.Build.0 = Release|Any CPU
	EndGlobalSection
EndGlobal
