
Microsoft Visual Studio Solution File, Format Version 12.00
Project("{FAE04EC0-301F-11D3-BF4B-00C04F79EFBC}") = "T1", "T1\T1.csproj", "{B4B38F74-7E02-4C24-B902-A8DB403CD44D}"
EndProject
Project("{FAE04EC0-301F-11D3-BF4B-00C04F79EFBC}") = "T2", "T2\T2.csproj", "{F4B01CBA-A469-48EA-B82F-9F5088C42AA7}"
EndProject
Project("{FAE04EC0-301F-11D3-BF4B-00C04F79EFBC}") = "T3", "T3\T3.csproj", "{E771FA85-BB71-403A-9910-F21A78A7EAF5}"
EndProject
Project("{FAE04EC0-301F-11D3-BF4B-00C04F79EFBC}") = "T4", "T4\T4.csproj", "{2F79ACA7-B544-40E2-8B4A-B21339C28DFB}"
EndProject
Project("{FAE04EC0-301F-11D3-BF4B-00C04F79EFBC}") = "T5", "T5\T5.csproj", "{D6C4722A-D3C8-4923-8BA0-D55BB9ACC4C5}"
EndProject
Project("{FAE04EC0-301F-11D3-BF4B-00C04F79EFBC}") = "T6", "T6\T6.csproj", "{21951FA0-78F9-4FB5-882B-CC2FBE2B3E31}"
EndProject
Project("{FAE04EC0-301F-11D3-BF4B-00C04F79EFBC}") = "T7", "T7\T7.csproj", "{26934579-39B3-4E7B-8706-4C14884FB58E}"
EndProject
Project("{FAE04EC0-301F-11D3-BF4B-00C04F79EFBC}") = "T8", "T8\T8.csproj", "{FE3879AF-0F0D-45D4-88BB-795AADBD0A84}"
EndProject
Global
	GlobalSection(SolutionConfigurationPlatforms) = preSolution
		Debug|Any CPU = Debug|Any CPU
		Release|Any CPU = Release|Any CPU
	EndGlobalSection
	GlobalSection(ProjectConfigurationPlatforms) = postSolution
		{B4B38F74-7E02-4C24-B902-A8DB403CD44D}.Debug|Any CPU.ActiveCfg = Debug|Any CPU
		{B4B38F74-7E02-4C24-B902-A8DB403CD44D}.Debug|Any CPU.Build.0 = Debug|Any CPU
		{B4B38F74-7E02-4C24-B902-A8DB403CD44D}.Release|Any CPU.ActiveCfg = Release|Any CPU
		{B4B38F74-7E02-4C24-B902-A8DB403CD44D}.Release|Any CPU.Build.0 = Release|Any CPU
		{F4B01CBA-A469-48EA-B82F-9F5088C42AA7}.Debug|Any CPU.ActiveCfg = Debug|Any CPU
		{F4B01CBA-A469-48EA-B82F-9F5088C42AA7}.Debug|Any CPU.Build.0 = Debug|Any CPU
		{F4B01CBA-A469-48EA-B82F-9F5088C42AA7}.Release|Any CPU.ActiveCfg = Release|Any CPU
		{F4B01CBA-A469-48EA-B82F-9F5088C42AA7}.Release|Any CPU.Build.0 = Release|Any CPU
		{E771FA85-BB71-403A-9910-F21A78A7EAF5}.Debug|Any CPU.ActiveCfg = Debug|Any CPU
		{E771FA85-BB71-403A-9910-F21A78A7EAF5}.Debug|Any CPU.Build.0 = Debug|Any CPU
		{E771FA85-BB71-403A-9910-F21A78A7EAF5}.Release|Any CPU.ActiveCfg = Release|Any CPU
		{E771FA85-BB71-403A-9910-F21A78A7EAF5}.Release|Any CPU.Build.0 = Release|Any CPU
		{2F79ACA7-B544-40E2-8B4A-B21339C28DFB}.Debug|Any CPU.ActiveCfg = Debug|Any CPU
		{2F79ACA7-B544-40E2-8B4A-B21339C28DFB}.Debug|Any CPU.Build.0 = Debug|Any CPU
		{2F79ACA7-B544-40E2-8B4A-B21339C28DFB}.Release|Any CPU.ActiveCfg = Release|Any CPU
		{2F79ACA7-B544-40E2-8B4A-B21339C28DFB}.Release|Any CPU.Build.0 = Release|Any CPU
		{D6C4722A-D3C8-4923-8BA0-D55BB9ACC4C5}.Debug|Any CPU.ActiveCfg = Debug|Any CPU
		{D6C4722A-D3C8-4923-8BA0-D55BB9ACC4C5}.Debug|Any CPU.Build.0 = Debug|Any CPU
		{D6C4722A-D3C8-4923-8BA0-D55BB9ACC4C5}.Release|Any CPU.ActiveCfg = Release|Any CPU
		{D6C4722A-D3C8-4923-8BA0-D55BB9ACC4C5}.Release|Any CPU.Build.0 = Release|Any CPU
		{21951FA0-78F9-4FB5-882B-CC2FBE2B3E31}.Debug|Any CPU.ActiveCfg = Debug|Any CPU
		{21951FA0-78F9-4FB5-882B-CC2FBE2B3E31}.Debug|Any CPU.Build.0 = Debug|Any CPU
		{21951FA0-78F9-4FB5-882B-CC2FBE2B3E31}.Release|Any CPU.ActiveCfg = Release|Any CPU
		{21951FA0-78F9-4FB5-882B-CC2FBE2B3E31}.Release|Any CPU.Build.0 = Release|Any CPU
		{26934579-39B3-4E7B-8706-4C14884FB58E}.Debug|Any CPU.ActiveCfg = Debug|Any CPU
		{26934579-39B3-4E7B-8706-4C14884FB58E}.Debug|Any CPU.Build.0 = Debug|Any CPU
		{26934579-39B3-4E7B-8706-4C14884FB58E}.Release|Any CPU.ActiveCfg = Release|Any CPU
		{26934579-39B3-4E7B-8706-4C14884FB58E}.Release|Any CPU.Build.0 = Release|Any CPU
		{FE3879AF-0F0D-45D4-88BB-795AADBD0A84}.Debug|Any CPU.ActiveCfg = Debug|Any CPU
		{FE3879AF-0F0D-45D4-88BB-795AADBD0A84}.Debug|Any CPU.Build.0 = Debug|Any CPU
		{FE3879AF-0F0D-45D4-88BB-795AADBD0A84}.Release|Any CPU.ActiveCfg = Release|Any CPU
		{FE3879AF-0F0D-45D4-88BB-795AADBD0A84}.Release|Any CPU.Build.0 = Release|Any CPU
	EndGlobalSection
EndGlobal
