
Microsoft Visual Studio Solution File, Format Version 12.00
Project("{FAE04EC0-301F-11D3-BF4B-00C04F79EFBC}") = "T1", "T1\T1.csproj", "{390606A2-0F3D-43F1-835D-766575341895}"
EndProject
Global
	GlobalSection(SolutionConfigurationPlatforms) = preSolution
		Debug|Any CPU = Debug|Any CPU
		Release|Any CPU = Release|Any CPU
	EndGlobalSection
	GlobalSection(ProjectConfigurationPlatforms) = postSolution
		{390606A2-0F3D-43F1-835D-766575341895}.Debug|Any CPU.ActiveCfg = Debug|Any CPU
		{390606A2-0F3D-43F1-835D-766575341895}.Debug|Any CPU.Build.0 = Debug|Any CPU
		{390606A2-0F3D-43F1-835D-766575341895}.Release|Any CPU.ActiveCfg = Release|Any CPU
		{390606A2-0F3D-43F1-835D-766575341895}.Release|Any CPU.Build.0 = Release|Any CPU
	EndGlobalSection
EndGlobal
